
Microsoft Visual Studio Solution File, Format Version 12.00
# Visual Studio Version 16
VisualStudioVersion = 16.0.30907.101
MinimumVisualStudioVersion = 10.0.40219.1
Project("{2150E333-8FDC-42A3-9474-1A3956D46DE8}") = "Microservices", "Microservices", "{00F41CB4-7BE8-442D-9CCA-5EB8D595A471}"
EndProject
Project("{9A19103F-16F7-4668-BE54-9A1E7A4F7556}") = "Gateway", "Gateway\Gateway.csproj", "{18031520-451F-4E59-8248-E737DED04EA2}"
EndProject
Project("{2150E333-8FDC-42A3-9474-1A3956D46DE8}") = "Infrastructure", "Infrastructure", "{2A87547F-84FB-4B1A-B3F9-59E9C92536F7}"
EndProject
Project("{9A19103F-16F7-4668-BE54-9A1E7A4F7556}") = "Base.Common", "Base.Common\Base.Common.csproj", "{1B14906C-4676-4324-A7B6-420C0BD0FCB3}"
EndProject
Project("{9A19103F-16F7-4668-BE54-9A1E7A4F7556}") = "Base.Utility", "Base.Utility\Base.Utility.csproj", "{F0EEDD3B-A3D6-41CD-BBB6-16959AD8BCBF}"
EndProject
Project("{9A19103F-16F7-4668-BE54-9A1E7A4F7556}") = "Base.WebExtend", "Base.WebExtend\Base.WebExtend.csproj", "{393FBE74-0B20-421F-BBEA-167255A5F148}"
EndProject
Project("{2150E333-8FDC-42A3-9474-1A3956D46DE8}") = "BusinessLogic", "BusinessLogic", "{7F2AE921-1E5E-44AB-A57B-B50619625A8D}"
EndProject
Project("{2150E333-8FDC-42A3-9474-1A3956D46DE8}") = "Backend", "Backend", "{9FA90E75-12FA-4B92-AEC3-DC4945046F1A}"
EndProject
Project("{9A19103F-16F7-4668-BE54-9A1E7A4F7556}") = "AuthAndUserMicroservice", "AuthAndUserMicroservice\AuthAndUserMicroservice.csproj", "{2B4EB2BE-20BE-4C90-9E53-47AE5315F5FF}"
EndProject
Project("{9A19103F-16F7-4668-BE54-9A1E7A4F7556}") = "BL.AuthAndUser", "BL.AuthAndUser\BL.AuthAndUser.csproj", "{DADC7D36-74B5-4776-AE58-9662F20B2BCD}"
EndProject
Project("{9A19103F-16F7-4668-BE54-9A1E7A4F7556}") = "Base.JWT", "Base.JWT\Base.JWT.csproj", "{7654A598-989C-4438-9707-6882EF9F9870}"
EndProject
Project("{9A19103F-16F7-4668-BE54-9A1E7A4F7556}") = "Domain", "Domain\Domain.csproj", "{CAD13634-A716-4D66-A755-039C9AD2C1D3}"
EndProject
Project("{9A19103F-16F7-4668-BE54-9A1E7A4F7556}") = "PageDetail", "PageDetail\PageDetail.csproj", "{3B260DF9-09F8-4354-B31C-B66089A4A066}"
EndProject
Project("{9A19103F-16F7-4668-BE54-9A1E7A4F7556}") = "BL.GoodsRelated", "BL.Goods\BL.GoodsRelated.csproj", "{D407A93F-79F0-48DD-A814-6903B748E982}"
EndProject
Project("{9A19103F-16F7-4668-BE54-9A1E7A4F7556}") = "BL.Contracts", "BL.Contracts\BL.Contracts.csproj", "{1D34CA24-B1D7-47CC-99A1-81820328A11B}"
EndProject
Project("{9A19103F-16F7-4668-BE54-9A1E7A4F7556}") = "Base.ThirdTool", "Base.ThirdTool\Base.ThirdTool.csproj", "{2A3E8EC0-7851-4B2C-B0A5-3BB9E93F55AE}"
EndProject
Project("{2150E333-8FDC-42A3-9474-1A3956D46DE8}") = "Test", "Test", "{980A470C-DCBB-417C-8DD4-405E8077C9AE}"
EndProject
Project("{9A19103F-16F7-4668-BE54-9A1E7A4F7556}") = "MSUnitTest_RabbitMQ", "MSUnitTest_RabbitMQ\MSUnitTest_RabbitMQ.csproj", "{5B75ECC3-6A38-4282-A6A7-502030F09071}"
EndProject
Project("{2150E333-8FDC-42A3-9474-1A3956D46DE8}") = "Works", "Works", "{67C92821-E944-431D-82F4-60B23DC45898}"
EndProject
Project("{FAE04EC0-301F-11D3-BF4B-00C04F79EFBC}") = "ESProcessor", "ESProcessor\ESProcessor.csproj", "{F58C05AF-D38B-47DC-AED5-9857F827E764}"
EndProject
Global
	GlobalSection(SolutionConfigurationPlatforms) = preSolution
		Debug|Any CPU = Debug|Any CPU
		Release|Any CPU = Release|Any CPU
	EndGlobalSection
	GlobalSection(ProjectConfigurationPlatforms) = postSolution
		{18031520-451F-4E59-8248-E737DED04EA2}.Debug|Any CPU.ActiveCfg = Debug|Any CPU
		{18031520-451F-4E59-8248-E737DED04EA2}.Debug|Any CPU.Build.0 = Debug|Any CPU
		{18031520-451F-4E59-8248-E737DED04EA2}.Release|Any CPU.ActiveCfg = Release|Any CPU
		{18031520-451F-4E59-8248-E737DED04EA2}.Release|Any CPU.Build.0 = Release|Any CPU
		{1B14906C-4676-4324-A7B6-420C0BD0FCB3}.Debug|Any CPU.ActiveCfg = Debug|Any CPU
		{1B14906C-4676-4324-A7B6-420C0BD0FCB3}.Debug|Any CPU.Build.0 = Debug|Any CPU
		{1B14906C-4676-4324-A7B6-420C0BD0FCB3}.Release|Any CPU.ActiveCfg = Release|Any CPU
		{1B14906C-4676-4324-A7B6-420C0BD0FCB3}.Release|Any CPU.Build.0 = Release|Any CPU
		{F0EEDD3B-A3D6-41CD-BBB6-16959AD8BCBF}.Debug|Any CPU.ActiveCfg = Debug|Any CPU
		{F0EEDD3B-A3D6-41CD-BBB6-16959AD8BCBF}.Debug|Any CPU.Build.0 = Debug|Any CPU
		{F0EEDD3B-A3D6-41CD-BBB6-16959AD8BCBF}.Release|Any CPU.ActiveCfg = Release|Any CPU
		{F0EEDD3B-A3D6-41CD-BBB6-16959AD8BCBF}.Release|Any CPU.Build.0 = Release|Any CPU
		{393FBE74-0B20-421F-BBEA-167255A5F148}.Debug|Any CPU.ActiveCfg = Debug|Any CPU
		{393FBE74-0B20-421F-BBEA-167255A5F148}.Debug|Any CPU.Build.0 = Debug|Any CPU
		{393FBE74-0B20-421F-BBEA-167255A5F148}.Release|Any CPU.ActiveCfg = Release|Any CPU
		{393FBE74-0B20-421F-BBEA-167255A5F148}.Release|Any CPU.Build.0 = Release|Any CPU
		{2B4EB2BE-20BE-4C90-9E53-47AE5315F5FF}.Debug|Any CPU.ActiveCfg = Debug|Any CPU
		{2B4EB2BE-20BE-4C90-9E53-47AE5315F5FF}.Debug|Any CPU.Build.0 = Debug|Any CPU
		{2B4EB2BE-20BE-4C90-9E53-47AE5315F5FF}.Release|Any CPU.ActiveCfg = Release|Any CPU
		{2B4EB2BE-20BE-4C90-9E53-47AE5315F5FF}.Release|Any CPU.Build.0 = Release|Any CPU
		{DADC7D36-74B5-4776-AE58-9662F20B2BCD}.Debug|Any CPU.ActiveCfg = Debug|Any CPU
		{DADC7D36-74B5-4776-AE58-9662F20B2BCD}.Debug|Any CPU.Build.0 = Debug|Any CPU
		{DADC7D36-74B5-4776-AE58-9662F20B2BCD}.Release|Any CPU.ActiveCfg = Release|Any CPU
		{DADC7D36-74B5-4776-AE58-9662F20B2BCD}.Release|Any CPU.Build.0 = Release|Any CPU
		{7654A598-989C-4438-9707-6882EF9F9870}.Debug|Any CPU.ActiveCfg = Debug|Any CPU
		{7654A598-989C-4438-9707-6882EF9F9870}.Debug|Any CPU.Build.0 = Debug|Any CPU
		{7654A598-989C-4438-9707-6882EF9F9870}.Release|Any CPU.ActiveCfg = Release|Any CPU
		{7654A598-989C-4438-9707-6882EF9F9870}.Release|Any CPU.Build.0 = Release|Any CPU
		{CAD13634-A716-4D66-A755-039C9AD2C1D3}.Debug|Any CPU.ActiveCfg = Debug|Any CPU
		{CAD13634-A716-4D66-A755-039C9AD2C1D3}.Debug|Any CPU.Build.0 = Debug|Any CPU
		{CAD13634-A716-4D66-A755-039C9AD2C1D3}.Release|Any CPU.ActiveCfg = Release|Any CPU
		{CAD13634-A716-4D66-A755-039C9AD2C1D3}.Release|Any CPU.Build.0 = Release|Any CPU
		{3B260DF9-09F8-4354-B31C-B66089A4A066}.Debug|Any CPU.ActiveCfg = Debug|Any CPU
		{3B260DF9-09F8-4354-B31C-B66089A4A066}.Debug|Any CPU.Build.0 = Debug|Any CPU
		{3B260DF9-09F8-4354-B31C-B66089A4A066}.Release|Any CPU.ActiveCfg = Release|Any CPU
		{3B260DF9-09F8-4354-B31C-B66089A4A066}.Release|Any CPU.Build.0 = Release|Any CPU
		{D407A93F-79F0-48DD-A814-6903B748E982}.Debug|Any CPU.ActiveCfg = Debug|Any CPU
		{D407A93F-79F0-48DD-A814-6903B748E982}.Debug|Any CPU.Build.0 = Debug|Any CPU
		{D407A93F-79F0-48DD-A814-6903B748E982}.Release|Any CPU.ActiveCfg = Release|Any CPU
		{D407A93F-79F0-48DD-A814-6903B748E982}.Release|Any CPU.Build.0 = Release|Any CPU
		{1D34CA24-B1D7-47CC-99A1-81820328A11B}.Debug|Any CPU.ActiveCfg = Debug|Any CPU
		{1D34CA24-B1D7-47CC-99A1-81820328A11B}.Debug|Any CPU.Build.0 = Debug|Any CPU
		{1D34CA24-B1D7-47CC-99A1-81820328A11B}.Release|Any CPU.ActiveCfg = Release|Any CPU
		{1D34CA24-B1D7-47CC-99A1-81820328A11B}.Release|Any CPU.Build.0 = Release|Any CPU
		{2A3E8EC0-7851-4B2C-B0A5-3BB9E93F55AE}.Debug|Any CPU.ActiveCfg = Debug|Any CPU
		{2A3E8EC0-7851-4B2C-B0A5-3BB9E93F55AE}.Debug|Any CPU.Build.0 = Debug|Any CPU
		{2A3E8EC0-7851-4B2C-B0A5-3BB9E93F55AE}.Release|Any CPU.ActiveCfg = Release|Any CPU
		{2A3E8EC0-7851-4B2C-B0A5-3BB9E93F55AE}.Release|Any CPU.Build.0 = Release|Any CPU
		{5B75ECC3-6A38-4282-A6A7-502030F09071}.Debug|Any CPU.ActiveCfg = Debug|Any CPU
		{5B75ECC3-6A38-4282-A6A7-502030F09071}.Debug|Any CPU.Build.0 = Debug|Any CPU
		{5B75ECC3-6A38-4282-A6A7-502030F09071}.Release|Any CPU.ActiveCfg = Release|Any CPU
		{5B75ECC3-6A38-4282-A6A7-502030F09071}.Release|Any CPU.Build.0 = Release|Any CPU
		{F58C05AF-D38B-47DC-AED5-9857F827E764}.Debug|Any CPU.ActiveCfg = Debug|Any CPU
		{F58C05AF-D38B-47DC-AED5-9857F827E764}.Debug|Any CPU.Build.0 = Debug|Any CPU
		{F58C05AF-D38B-47DC-AED5-9857F827E764}.Release|Any CPU.ActiveCfg = Release|Any CPU
		{F58C05AF-D38B-47DC-AED5-9857F827E764}.Release|Any CPU.Build.0 = Release|Any CPU
	EndGlobalSection
	GlobalSection(SolutionProperties) = preSolution
		HideSolutionNode = FALSE
	EndGlobalSection
	GlobalSection(NestedProjects) = preSolution
		{18031520-451F-4E59-8248-E737DED04EA2} = {9FA90E75-12FA-4B92-AEC3-DC4945046F1A}
		{1B14906C-4676-4324-A7B6-420C0BD0FCB3} = {2A87547F-84FB-4B1A-B3F9-59E9C92536F7}
		{F0EEDD3B-A3D6-41CD-BBB6-16959AD8BCBF} = {2A87547F-84FB-4B1A-B3F9-59E9C92536F7}
		{393FBE74-0B20-421F-BBEA-167255A5F148} = {2A87547F-84FB-4B1A-B3F9-59E9C92536F7}
		{2B4EB2BE-20BE-4C90-9E53-47AE5315F5FF} = {00F41CB4-7BE8-442D-9CCA-5EB8D595A471}
		{DADC7D36-74B5-4776-AE58-9662F20B2BCD} = {7F2AE921-1E5E-44AB-A57B-B50619625A8D}
		{7654A598-989C-4438-9707-6882EF9F9870} = {2A87547F-84FB-4B1A-B3F9-59E9C92536F7}
		{CAD13634-A716-4D66-A755-039C9AD2C1D3} = {7F2AE921-1E5E-44AB-A57B-B50619625A8D}
		{3B260DF9-09F8-4354-B31C-B66089A4A066} = {00F41CB4-7BE8-442D-9CCA-5EB8D595A471}
		{D407A93F-79F0-48DD-A814-6903B748E982} = {7F2AE921-1E5E-44AB-A57B-B50619625A8D}
		{1D34CA24-B1D7-47CC-99A1-81820328A11B} = {7F2AE921-1E5E-44AB-A57B-B50619625A8D}
		{2A3E8EC0-7851-4B2C-B0A5-3BB9E93F55AE} = {2A87547F-84FB-4B1A-B3F9-59E9C92536F7}
		{5B75ECC3-6A38-4282-A6A7-502030F09071} = {980A470C-DCBB-417C-8DD4-405E8077C9AE}
		{67C92821-E944-431D-82F4-60B23DC45898} = {9FA90E75-12FA-4B92-AEC3-DC4945046F1A}
		{F58C05AF-D38B-47DC-AED5-9857F827E764} = {67C92821-E944-431D-82F4-60B23DC45898}
	EndGlobalSection
	GlobalSection(ExtensibilityGlobals) = postSolution
		SolutionGuid = {4E216490-6F4B-4F00-844F-6070703DC7EA}
	EndGlobalSection
EndGlobal
